
Microsoft Visual Studio Solution File, Format Version 12.00
# Visual Studio Version 16
VisualStudioVersion = 16.0.34601.136
MinimumVisualStudioVersion = 10.0.40219.1
Project("{FAE04EC0-301F-11D3-BF4B-00C04F79EFBC}") = "Assessment 3", "Assessment 3\Assessment 3.csproj", "{BDF502CA-91FC-4C4F-AA78-D2607D06EC2A}"
EndProject
Global
	GlobalSection(SolutionConfigurationPlatforms) = preSolution
		Debug|Any CPU = Debug|Any CPU
		Release|Any CPU = Release|Any CPU
	EndGlobalSection
	GlobalSection(ProjectConfigurationPlatforms) = postSolution
		{BDF502CA-91FC-4C4F-AA78-D2607D06EC2A}.Debug|Any CPU.ActiveCfg = Debug|Any CPU
		{BDF502CA-91FC-4C4F-AA78-D2607D06EC2A}.Debug|Any CPU.Build.0 = Debug|Any CPU
		{BDF502CA-91FC-4C4F-AA78-D2607D06EC2A}.Release|Any CPU.ActiveCfg = Release|Any CPU
		{BDF502CA-91FC-4C4F-AA78-D2607D06EC2A}.Release|Any CPU.Build.0 = Release|Any CPU
	EndGlobalSection
	GlobalSection(SolutionProperties) = preSolution
		HideSolutionNode = FALSE
	EndGlobalSection
	GlobalSection(ExtensibilityGlobals) = postSolution
		SolutionGuid = {FC79E7B5-C668-4EEE-A6E3-40856D863628}
	EndGlobalSection
EndGlobal
