
Microsoft Visual Studio Solution File, Format Version 12.00
# Visual Studio Version 16
VisualStudioVersion = 16.0.34601.136
MinimumVisualStudioVersion = 10.0.40219.1
Project("{FAE04EC0-301F-11D3-BF4B-00C04F79EFBC}") = "Assignment_5", "Assignment 5\Assignment_5.csproj", "{DED8B519-428F-4A1C-A640-5422350941BC}"
EndProject
Global
	GlobalSection(SolutionConfigurationPlatforms) = preSolution
		Debug|Any CPU = Debug|Any CPU
		Release|Any CPU = Release|Any CPU
	EndGlobalSection
	GlobalSection(ProjectConfigurationPlatforms) = postSolution
		{DED8B519-428F-4A1C-A640-5422350941BC}.Debug|Any CPU.ActiveCfg = Debug|Any CPU
		{DED8B519-428F-4A1C-A640-5422350941BC}.Debug|Any CPU.Build.0 = Debug|Any CPU
		{DED8B519-428F-4A1C-A640-5422350941BC}.Release|Any CPU.ActiveCfg = Release|Any CPU
		{DED8B519-428F-4A1C-A640-5422350941BC}.Release|Any CPU.Build.0 = Release|Any CPU
	EndGlobalSection
	GlobalSection(SolutionProperties) = preSolution
		HideSolutionNode = FALSE
	EndGlobalSection
	GlobalSection(ExtensibilityGlobals) = postSolution
		SolutionGuid = {AFA3B887-F326-4018-83FE-731628572FE8}
	EndGlobalSection
EndGlobal
