
Microsoft Visual Studio Solution File, Format Version 12.00
# Visual Studio Version 16
VisualStudioVersion = 16.0.34601.136
MinimumVisualStudioVersion = 10.0.40219.1
Project("{FAE04EC0-301F-11D3-BF4B-00C04F79EFBC}") = "Assignment_1", "Assignment_1\Assignment_1.csproj", "{19283204-F227-4993-B9F3-9991AE560A90}"
EndProject
Global
	GlobalSection(SolutionConfigurationPlatforms) = preSolution
		Debug|Any CPU = Debug|Any CPU
		Release|Any CPU = Release|Any CPU
	EndGlobalSection
	GlobalSection(ProjectConfigurationPlatforms) = postSolution
		{19283204-F227-4993-B9F3-9991AE560A90}.Debug|Any CPU.ActiveCfg = Debug|Any CPU
		{19283204-F227-4993-B9F3-9991AE560A90}.Debug|Any CPU.Build.0 = Debug|Any CPU
		{19283204-F227-4993-B9F3-9991AE560A90}.Release|Any CPU.ActiveCfg = Release|Any CPU
		{19283204-F227-4993-B9F3-9991AE560A90}.Release|Any CPU.Build.0 = Release|Any CPU
	EndGlobalSection
	GlobalSection(SolutionProperties) = preSolution
		HideSolutionNode = FALSE
	EndGlobalSection
	GlobalSection(ExtensibilityGlobals) = postSolution
		SolutionGuid = {846BCC5E-DDFD-4864-B302-27748A434738}
	EndGlobalSection
EndGlobal
