
Microsoft Visual Studio Solution File, Format Version 12.00
# Visual Studio Version 16
VisualStudioVersion = 16.0.34601.136
MinimumVisualStudioVersion = 10.0.40219.1
Project("{FAE04EC0-301F-11D3-BF4B-00C04F79EFBC}") = "Assignment 3", "Assignment 3\Assignment 3.csproj", "{869E50C1-B9F3-4326-BADD-04A9B9210E8D}"
EndProject
Global
	GlobalSection(SolutionConfigurationPlatforms) = preSolution
		Debug|Any CPU = Debug|Any CPU
		Release|Any CPU = Release|Any CPU
	EndGlobalSection
	GlobalSection(ProjectConfigurationPlatforms) = postSolution
		{869E50C1-B9F3-4326-BADD-04A9B9210E8D}.Debug|Any CPU.ActiveCfg = Debug|Any CPU
		{869E50C1-B9F3-4326-BADD-04A9B9210E8D}.Debug|Any CPU.Build.0 = Debug|Any CPU
		{869E50C1-B9F3-4326-BADD-04A9B9210E8D}.Release|Any CPU.ActiveCfg = Release|Any CPU
		{869E50C1-B9F3-4326-BADD-04A9B9210E8D}.Release|Any CPU.Build.0 = Release|Any CPU
	EndGlobalSection
	GlobalSection(SolutionProperties) = preSolution
		HideSolutionNode = FALSE
	EndGlobalSection
	GlobalSection(ExtensibilityGlobals) = postSolution
		SolutionGuid = {85A02465-E12C-44F7-B2D8-F5484BCA1409}
	EndGlobalSection
EndGlobal
